
Microsoft Visual Studio Solution File, Format Version 12.00
# Visual Studio Version 16
VisualStudioVersion = 16.0.31624.102
MinimumVisualStudioVersion = 10.0.40219.1
Project("{9A19103F-16F7-4668-BE54-9A1E7A4F7556}") = "FirstMate", "Source\Server\FirstMate\FirstMate.csproj", "{A981EA49-5005-4A22-80DC-1A8FCB0F67A0}"
EndProject
Project("{9A19103F-16F7-4668-BE54-9A1E7A4F7556}") = "TradeWars", "Source\Shared\TradeWars.csproj", "{7F3AA3E2-BF5D-422C-820F-D577CAA69370}"
EndProject
Project("{2150E333-8FDC-42A3-9474-1A3956D46DE8}") = "Server", "Server", "{3C25B2EA-8125-4270-8430-D16A754B2784}"
EndProject
Project("{2150E333-8FDC-42A3-9474-1A3956D46DE8}") = "Shared", "Shared", "{74848E0F-C315-4AFE-B6AE-D914868A8CE8}"
EndProject
Project("{FAE04EC0-301F-11D3-BF4B-00C04F79EFBC}") = "Service (Core)", "Service (Core)\Service (Core).csproj", "{692BAC79-530E-4D32-A1BA-CB4CC96973E5}"
EndProject
Global
	GlobalSection(SolutionConfigurationPlatforms) = preSolution
		Debug|Any CPU = Debug|Any CPU
		Release|Any CPU = Release|Any CPU
	EndGlobalSection
	GlobalSection(ProjectConfigurationPlatforms) = postSolution
		{A981EA49-5005-4A22-80DC-1A8FCB0F67A0}.Debug|Any CPU.ActiveCfg = Debug|Any CPU
		{A981EA49-5005-4A22-80DC-1A8FCB0F67A0}.Debug|Any CPU.Build.0 = Debug|Any CPU
		{A981EA49-5005-4A22-80DC-1A8FCB0F67A0}.Release|Any CPU.ActiveCfg = Release|Any CPU
		{A981EA49-5005-4A22-80DC-1A8FCB0F67A0}.Release|Any CPU.Build.0 = Release|Any CPU
		{7F3AA3E2-BF5D-422C-820F-D577CAA69370}.Debug|Any CPU.ActiveCfg = Debug|Any CPU
		{7F3AA3E2-BF5D-422C-820F-D577CAA69370}.Debug|Any CPU.Build.0 = Debug|Any CPU
		{7F3AA3E2-BF5D-422C-820F-D577CAA69370}.Release|Any CPU.ActiveCfg = Release|Any CPU
		{7F3AA3E2-BF5D-422C-820F-D577CAA69370}.Release|Any CPU.Build.0 = Release|Any CPU
		{692BAC79-530E-4D32-A1BA-CB4CC96973E5}.Debug|Any CPU.ActiveCfg = Debug|Any CPU
		{692BAC79-530E-4D32-A1BA-CB4CC96973E5}.Debug|Any CPU.Build.0 = Debug|Any CPU
		{692BAC79-530E-4D32-A1BA-CB4CC96973E5}.Release|Any CPU.ActiveCfg = Release|Any CPU
		{692BAC79-530E-4D32-A1BA-CB4CC96973E5}.Release|Any CPU.Build.0 = Release|Any CPU
	EndGlobalSection
	GlobalSection(SolutionProperties) = preSolution
		HideSolutionNode = FALSE
	EndGlobalSection
	GlobalSection(NestedProjects) = preSolution
		{7F3AA3E2-BF5D-422C-820F-D577CAA69370} = {74848E0F-C315-4AFE-B6AE-D914868A8CE8}
		{692BAC79-530E-4D32-A1BA-CB4CC96973E5} = {3C25B2EA-8125-4270-8430-D16A754B2784}
	EndGlobalSection
	GlobalSection(ExtensibilityGlobals) = postSolution
		SolutionGuid = {69916D85-7D63-4136-ACC7-5696D77DA17E}
	EndGlobalSection
EndGlobal
