
Microsoft Visual Studio Solution File, Format Version 12.00
# Visual Studio Version 16
VisualStudioVersion = 16.0.31624.102
MinimumVisualStudioVersion = 10.0.40219.1
Project("{2150E333-8FDC-42A3-9474-1A3956D46DE8}") = "Server", "Server", "{3C25B2EA-8125-4270-8430-D16A754B2784}"
EndProject
Project("{2150E333-8FDC-42A3-9474-1A3956D46DE8}") = "Shared", "Shared", "{74848E0F-C315-4AFE-B6AE-D914868A8CE8}"
EndProject
Project("{9A19103F-16F7-4668-BE54-9A1E7A4F7556}") = "FirstMate", "Source\Shared\FirstMate\FirstMate.csproj", "{8AF10F71-7E70-4068-A98A-BD2B2EA17149}"
EndProject
Project("{9A19103F-16F7-4668-BE54-9A1E7A4F7556}") = "Daemon (Core)", "Source\Server\Daemon\Daemon (Core).csproj", "{BEDE13BC-B80C-45AD-BCAC-38A3427704F8}"
EndProject
Project("{2150E333-8FDC-42A3-9474-1A3956D46DE8}") = "BigBang", "BigBang", "{67DCF77F-FD9D-4C4B-A8B8-B04489AFC418}"
EndProject
Project("{8BC9CEB8-8B4A-11D0-8D11-00A0C91BC942}") = "TW2002", "Source\Shared\TW2002\TW2002.vcxproj", "{34EE6767-2A26-4A29-9F8D-628DF2B20F35}"
EndProject
Project("{8BC9CEB8-8B4A-11D0-8D11-00A0C91BC942}") = "BigBang", "BigBang\BigBang.vcxproj", "{9F196965-8005-44BD-9F97-6D1BD7A0C2FA}"
EndProject
Global
	GlobalSection(SolutionConfigurationPlatforms) = preSolution
		Debug|Any CPU = Debug|Any CPU
		Debug|x64 = Debug|x64
		Debug|x86 = Debug|x86
		Release|Any CPU = Release|Any CPU
		Release|x64 = Release|x64
		Release|x86 = Release|x86
	EndGlobalSection
	GlobalSection(ProjectConfigurationPlatforms) = postSolution
		{8AF10F71-7E70-4068-A98A-BD2B2EA17149}.Debug|Any CPU.ActiveCfg = Debug|Any CPU
		{8AF10F71-7E70-4068-A98A-BD2B2EA17149}.Debug|Any CPU.Build.0 = Debug|Any CPU
		{8AF10F71-7E70-4068-A98A-BD2B2EA17149}.Debug|x64.ActiveCfg = Debug|Any CPU
		{8AF10F71-7E70-4068-A98A-BD2B2EA17149}.Debug|x64.Build.0 = Debug|Any CPU
		{8AF10F71-7E70-4068-A98A-BD2B2EA17149}.Debug|x86.ActiveCfg = Debug|Any CPU
		{8AF10F71-7E70-4068-A98A-BD2B2EA17149}.Debug|x86.Build.0 = Debug|Any CPU
		{8AF10F71-7E70-4068-A98A-BD2B2EA17149}.Release|Any CPU.ActiveCfg = Release|Any CPU
		{8AF10F71-7E70-4068-A98A-BD2B2EA17149}.Release|Any CPU.Build.0 = Release|Any CPU
		{8AF10F71-7E70-4068-A98A-BD2B2EA17149}.Release|x64.ActiveCfg = Release|Any CPU
		{8AF10F71-7E70-4068-A98A-BD2B2EA17149}.Release|x64.Build.0 = Release|Any CPU
		{8AF10F71-7E70-4068-A98A-BD2B2EA17149}.Release|x86.ActiveCfg = Release|Any CPU
		{8AF10F71-7E70-4068-A98A-BD2B2EA17149}.Release|x86.Build.0 = Release|Any CPU
		{BEDE13BC-B80C-45AD-BCAC-38A3427704F8}.Debug|Any CPU.ActiveCfg = Debug|Any CPU
		{BEDE13BC-B80C-45AD-BCAC-38A3427704F8}.Debug|Any CPU.Build.0 = Debug|Any CPU
		{BEDE13BC-B80C-45AD-BCAC-38A3427704F8}.Debug|x64.ActiveCfg = Debug|Any CPU
		{BEDE13BC-B80C-45AD-BCAC-38A3427704F8}.Debug|x64.Build.0 = Debug|Any CPU
		{BEDE13BC-B80C-45AD-BCAC-38A3427704F8}.Debug|x86.ActiveCfg = Debug|Any CPU
		{BEDE13BC-B80C-45AD-BCAC-38A3427704F8}.Debug|x86.Build.0 = Debug|Any CPU
		{BEDE13BC-B80C-45AD-BCAC-38A3427704F8}.Release|Any CPU.ActiveCfg = Release|Any CPU
		{BEDE13BC-B80C-45AD-BCAC-38A3427704F8}.Release|Any CPU.Build.0 = Release|Any CPU
		{BEDE13BC-B80C-45AD-BCAC-38A3427704F8}.Release|x64.ActiveCfg = Release|Any CPU
		{BEDE13BC-B80C-45AD-BCAC-38A3427704F8}.Release|x64.Build.0 = Release|Any CPU
		{BEDE13BC-B80C-45AD-BCAC-38A3427704F8}.Release|x86.ActiveCfg = Release|Any CPU
		{BEDE13BC-B80C-45AD-BCAC-38A3427704F8}.Release|x86.Build.0 = Release|Any CPU
		{34EE6767-2A26-4A29-9F8D-628DF2B20F35}.Debug|Any CPU.ActiveCfg = Debug|Win32
		{34EE6767-2A26-4A29-9F8D-628DF2B20F35}.Debug|x64.ActiveCfg = Debug|x64
		{34EE6767-2A26-4A29-9F8D-628DF2B20F35}.Debug|x64.Build.0 = Debug|x64
		{34EE6767-2A26-4A29-9F8D-628DF2B20F35}.Debug|x86.ActiveCfg = Debug|Win32
		{34EE6767-2A26-4A29-9F8D-628DF2B20F35}.Debug|x86.Build.0 = Debug|Win32
		{34EE6767-2A26-4A29-9F8D-628DF2B20F35}.Release|Any CPU.ActiveCfg = Release|Win32
		{34EE6767-2A26-4A29-9F8D-628DF2B20F35}.Release|x64.ActiveCfg = Release|x64
		{34EE6767-2A26-4A29-9F8D-628DF2B20F35}.Release|x64.Build.0 = Release|x64
		{34EE6767-2A26-4A29-9F8D-628DF2B20F35}.Release|x86.ActiveCfg = Release|Win32
		{34EE6767-2A26-4A29-9F8D-628DF2B20F35}.Release|x86.Build.0 = Release|Win32
		{9F196965-8005-44BD-9F97-6D1BD7A0C2FA}.Debug|Any CPU.ActiveCfg = Debug|Win32
		{9F196965-8005-44BD-9F97-6D1BD7A0C2FA}.Debug|x64.ActiveCfg = Debug|x64
		{9F196965-8005-44BD-9F97-6D1BD7A0C2FA}.Debug|x64.Build.0 = Debug|x64
		{9F196965-8005-44BD-9F97-6D1BD7A0C2FA}.Debug|x86.ActiveCfg = Debug|Win32
		{9F196965-8005-44BD-9F97-6D1BD7A0C2FA}.Debug|x86.Build.0 = Debug|Win32
		{9F196965-8005-44BD-9F97-6D1BD7A0C2FA}.Release|Any CPU.ActiveCfg = Release|Win32
		{9F196965-8005-44BD-9F97-6D1BD7A0C2FA}.Release|x64.ActiveCfg = Release|x64
		{9F196965-8005-44BD-9F97-6D1BD7A0C2FA}.Release|x64.Build.0 = Release|x64
		{9F196965-8005-44BD-9F97-6D1BD7A0C2FA}.Release|x86.ActiveCfg = Release|Win32
		{9F196965-8005-44BD-9F97-6D1BD7A0C2FA}.Release|x86.Build.0 = Release|Win32
	EndGlobalSection
	GlobalSection(SolutionProperties) = preSolution
		HideSolutionNode = FALSE
	EndGlobalSection
	GlobalSection(NestedProjects) = preSolution
		{8AF10F71-7E70-4068-A98A-BD2B2EA17149} = {74848E0F-C315-4AFE-B6AE-D914868A8CE8}
		{BEDE13BC-B80C-45AD-BCAC-38A3427704F8} = {3C25B2EA-8125-4270-8430-D16A754B2784}
		{34EE6767-2A26-4A29-9F8D-628DF2B20F35} = {67DCF77F-FD9D-4C4B-A8B8-B04489AFC418}
		{9F196965-8005-44BD-9F97-6D1BD7A0C2FA} = {67DCF77F-FD9D-4C4B-A8B8-B04489AFC418}
	EndGlobalSection
	GlobalSection(ExtensibilityGlobals) = postSolution
		SolutionGuid = {69916D85-7D63-4136-ACC7-5696D77DA17E}
	EndGlobalSection
EndGlobal
