
Microsoft Visual Studio Solution File, Format Version 12.00
# Visual Studio Version 17
VisualStudioVersion = 17.1.32328.378
MinimumVisualStudioVersion = 10.0.40219.1
Project("{2150E333-8FDC-42A3-9474-1A3956D46DE8}") = "Server", "Server", "{AA8CE734-FFA0-432B-A171-84209E5A151D}"
EndProject
Project("{2150E333-8FDC-42A3-9474-1A3956D46DE8}") = "Client", "Client", "{E2F6AA19-C3E8-4D84-AE07-E37EEF4374DA}"
EndProject
Project("{2150E333-8FDC-42A3-9474-1A3956D46DE8}") = "Shared", "Shared", "{E4D256D6-2518-48CA-9C90-00A227DFBBE3}"
EndProject
Project("{2150E333-8FDC-42A3-9474-1A3956D46DE8}") = "Proxy", "Proxy", "{922EB499-6242-4CD1-86FC-41B12774D3C4}"
EndProject
Project("{9A19103F-16F7-4668-BE54-9A1E7A4F7556}") = "Terminal", "Source\Shared\Terminal\Terminal.csproj", "{FEF13CD3-5D9A-46EA-8FB7-7D34223CA620}"
EndProject
Project("{9A19103F-16F7-4668-BE54-9A1E7A4F7556}") = "FirstMate", "Source\Client\FirstMate\FirstMate.csproj", "{FC4B6EB3-D102-4CB1-AD15-469C291C21B7}"
EndProject
Project("{9A19103F-16F7-4668-BE54-9A1E7A4F7556}") = "Controls", "Source\Client\Controls\Controls.csproj", "{11DE283C-7958-43E3-A91D-54A23E22AEBE}"
EndProject
Project("{9A19103F-16F7-4668-BE54-9A1E7A4F7556}") = "Daemon", "Source\Proxy\Daemon\Daemon.csproj", "{08895738-1D14-4144-9D49-9749626D3BCE}"
EndProject
Project("{FAE04EC0-301F-11D3-BF4B-00C04F79EFBC}") = "Proxy", "Source\Proxy\Proxy\Proxy.csproj", "{BA3106A7-584E-41F0-899D-02268947FFD6}"
EndProject
Project("{FAE04EC0-301F-11D3-BF4B-00C04F79EFBC}") = "Configuration", "Source\Shared\Configuration\Configuration.csproj", "{F4432CEA-DFF7-4BDB-906A-170257116927}"
EndProject
Global
	GlobalSection(SolutionConfigurationPlatforms) = preSolution
		Debug|Any CPU = Debug|Any CPU
		Debug|ARM = Debug|ARM
		Debug|ARM64 = Debug|ARM64
		Debug|x64 = Debug|x64
		Debug|x86 = Debug|x86
		Release|Any CPU = Release|Any CPU
		Release|ARM = Release|ARM
		Release|ARM64 = Release|ARM64
		Release|x64 = Release|x64
		Release|x86 = Release|x86
	EndGlobalSection
	GlobalSection(ProjectConfigurationPlatforms) = postSolution
		{FEF13CD3-5D9A-46EA-8FB7-7D34223CA620}.Debug|Any CPU.ActiveCfg = Debug|Any CPU
		{FEF13CD3-5D9A-46EA-8FB7-7D34223CA620}.Debug|Any CPU.Build.0 = Debug|Any CPU
		{FEF13CD3-5D9A-46EA-8FB7-7D34223CA620}.Debug|ARM.ActiveCfg = Debug|Any CPU
		{FEF13CD3-5D9A-46EA-8FB7-7D34223CA620}.Debug|ARM.Build.0 = Debug|Any CPU
		{FEF13CD3-5D9A-46EA-8FB7-7D34223CA620}.Debug|ARM64.ActiveCfg = Debug|Any CPU
		{FEF13CD3-5D9A-46EA-8FB7-7D34223CA620}.Debug|ARM64.Build.0 = Debug|Any CPU
		{FEF13CD3-5D9A-46EA-8FB7-7D34223CA620}.Debug|x64.ActiveCfg = Debug|Any CPU
		{FEF13CD3-5D9A-46EA-8FB7-7D34223CA620}.Debug|x64.Build.0 = Debug|Any CPU
		{FEF13CD3-5D9A-46EA-8FB7-7D34223CA620}.Debug|x86.ActiveCfg = Debug|Any CPU
		{FEF13CD3-5D9A-46EA-8FB7-7D34223CA620}.Debug|x86.Build.0 = Debug|Any CPU
		{FEF13CD3-5D9A-46EA-8FB7-7D34223CA620}.Release|Any CPU.ActiveCfg = Release|Any CPU
		{FEF13CD3-5D9A-46EA-8FB7-7D34223CA620}.Release|Any CPU.Build.0 = Release|Any CPU
		{FEF13CD3-5D9A-46EA-8FB7-7D34223CA620}.Release|ARM.ActiveCfg = Release|Any CPU
		{FEF13CD3-5D9A-46EA-8FB7-7D34223CA620}.Release|ARM.Build.0 = Release|Any CPU
		{FEF13CD3-5D9A-46EA-8FB7-7D34223CA620}.Release|ARM64.ActiveCfg = Release|Any CPU
		{FEF13CD3-5D9A-46EA-8FB7-7D34223CA620}.Release|ARM64.Build.0 = Release|Any CPU
		{FEF13CD3-5D9A-46EA-8FB7-7D34223CA620}.Release|x64.ActiveCfg = Release|Any CPU
		{FEF13CD3-5D9A-46EA-8FB7-7D34223CA620}.Release|x64.Build.0 = Release|Any CPU
		{FEF13CD3-5D9A-46EA-8FB7-7D34223CA620}.Release|x86.ActiveCfg = Release|Any CPU
		{FEF13CD3-5D9A-46EA-8FB7-7D34223CA620}.Release|x86.Build.0 = Release|Any CPU
		{FC4B6EB3-D102-4CB1-AD15-469C291C21B7}.Debug|Any CPU.ActiveCfg = Debug|x64
		{FC4B6EB3-D102-4CB1-AD15-469C291C21B7}.Debug|Any CPU.Build.0 = Debug|x64
		{FC4B6EB3-D102-4CB1-AD15-469C291C21B7}.Debug|Any CPU.Deploy.0 = Debug|x64
		{FC4B6EB3-D102-4CB1-AD15-469C291C21B7}.Debug|ARM.ActiveCfg = Debug|x64
		{FC4B6EB3-D102-4CB1-AD15-469C291C21B7}.Debug|ARM.Build.0 = Debug|x64
		{FC4B6EB3-D102-4CB1-AD15-469C291C21B7}.Debug|ARM.Deploy.0 = Debug|x64
		{FC4B6EB3-D102-4CB1-AD15-469C291C21B7}.Debug|ARM64.ActiveCfg = Debug|arm64
		{FC4B6EB3-D102-4CB1-AD15-469C291C21B7}.Debug|ARM64.Build.0 = Debug|arm64
		{FC4B6EB3-D102-4CB1-AD15-469C291C21B7}.Debug|ARM64.Deploy.0 = Debug|arm64
		{FC4B6EB3-D102-4CB1-AD15-469C291C21B7}.Debug|x64.ActiveCfg = Debug|x64
		{FC4B6EB3-D102-4CB1-AD15-469C291C21B7}.Debug|x64.Build.0 = Debug|x64
		{FC4B6EB3-D102-4CB1-AD15-469C291C21B7}.Debug|x64.Deploy.0 = Debug|x64
		{FC4B6EB3-D102-4CB1-AD15-469C291C21B7}.Debug|x86.ActiveCfg = Debug|x86
		{FC4B6EB3-D102-4CB1-AD15-469C291C21B7}.Debug|x86.Build.0 = Debug|x86
		{FC4B6EB3-D102-4CB1-AD15-469C291C21B7}.Debug|x86.Deploy.0 = Debug|x86
		{FC4B6EB3-D102-4CB1-AD15-469C291C21B7}.Release|Any CPU.ActiveCfg = Release|x64
		{FC4B6EB3-D102-4CB1-AD15-469C291C21B7}.Release|Any CPU.Build.0 = Release|x64
		{FC4B6EB3-D102-4CB1-AD15-469C291C21B7}.Release|Any CPU.Deploy.0 = Release|x64
		{FC4B6EB3-D102-4CB1-AD15-469C291C21B7}.Release|ARM.ActiveCfg = Release|x64
		{FC4B6EB3-D102-4CB1-AD15-469C291C21B7}.Release|ARM.Build.0 = Release|x64
		{FC4B6EB3-D102-4CB1-AD15-469C291C21B7}.Release|ARM.Deploy.0 = Release|x64
		{FC4B6EB3-D102-4CB1-AD15-469C291C21B7}.Release|ARM64.ActiveCfg = Release|arm64
		{FC4B6EB3-D102-4CB1-AD15-469C291C21B7}.Release|ARM64.Build.0 = Release|arm64
		{FC4B6EB3-D102-4CB1-AD15-469C291C21B7}.Release|ARM64.Deploy.0 = Release|arm64
		{FC4B6EB3-D102-4CB1-AD15-469C291C21B7}.Release|x64.ActiveCfg = Release|x64
		{FC4B6EB3-D102-4CB1-AD15-469C291C21B7}.Release|x64.Build.0 = Release|x64
		{FC4B6EB3-D102-4CB1-AD15-469C291C21B7}.Release|x64.Deploy.0 = Release|x64
		{FC4B6EB3-D102-4CB1-AD15-469C291C21B7}.Release|x86.ActiveCfg = Release|x86
		{FC4B6EB3-D102-4CB1-AD15-469C291C21B7}.Release|x86.Build.0 = Release|x86
		{FC4B6EB3-D102-4CB1-AD15-469C291C21B7}.Release|x86.Deploy.0 = Release|x86
		{11DE283C-7958-43E3-A91D-54A23E22AEBE}.Debug|Any CPU.ActiveCfg = Debug|Any CPU
		{11DE283C-7958-43E3-A91D-54A23E22AEBE}.Debug|Any CPU.Build.0 = Debug|Any CPU
		{11DE283C-7958-43E3-A91D-54A23E22AEBE}.Debug|ARM.ActiveCfg = Debug|Any CPU
		{11DE283C-7958-43E3-A91D-54A23E22AEBE}.Debug|ARM.Build.0 = Debug|Any CPU
		{11DE283C-7958-43E3-A91D-54A23E22AEBE}.Debug|ARM64.ActiveCfg = Debug|Any CPU
		{11DE283C-7958-43E3-A91D-54A23E22AEBE}.Debug|ARM64.Build.0 = Debug|Any CPU
		{11DE283C-7958-43E3-A91D-54A23E22AEBE}.Debug|x64.ActiveCfg = Debug|Any CPU
		{11DE283C-7958-43E3-A91D-54A23E22AEBE}.Debug|x64.Build.0 = Debug|Any CPU
		{11DE283C-7958-43E3-A91D-54A23E22AEBE}.Debug|x86.ActiveCfg = Debug|Any CPU
		{11DE283C-7958-43E3-A91D-54A23E22AEBE}.Debug|x86.Build.0 = Debug|Any CPU
		{11DE283C-7958-43E3-A91D-54A23E22AEBE}.Release|Any CPU.ActiveCfg = Release|Any CPU
		{11DE283C-7958-43E3-A91D-54A23E22AEBE}.Release|Any CPU.Build.0 = Release|Any CPU
		{11DE283C-7958-43E3-A91D-54A23E22AEBE}.Release|ARM.ActiveCfg = Release|Any CPU
		{11DE283C-7958-43E3-A91D-54A23E22AEBE}.Release|ARM.Build.0 = Release|Any CPU
		{11DE283C-7958-43E3-A91D-54A23E22AEBE}.Release|ARM64.ActiveCfg = Release|Any CPU
		{11DE283C-7958-43E3-A91D-54A23E22AEBE}.Release|ARM64.Build.0 = Release|Any CPU
		{11DE283C-7958-43E3-A91D-54A23E22AEBE}.Release|x64.ActiveCfg = Release|Any CPU
		{11DE283C-7958-43E3-A91D-54A23E22AEBE}.Release|x64.Build.0 = Release|Any CPU
		{11DE283C-7958-43E3-A91D-54A23E22AEBE}.Release|x86.ActiveCfg = Release|Any CPU
		{11DE283C-7958-43E3-A91D-54A23E22AEBE}.Release|x86.Build.0 = Release|Any CPU
		{08895738-1D14-4144-9D49-9749626D3BCE}.Debug|Any CPU.ActiveCfg = Debug|Any CPU
		{08895738-1D14-4144-9D49-9749626D3BCE}.Debug|Any CPU.Build.0 = Debug|Any CPU
		{08895738-1D14-4144-9D49-9749626D3BCE}.Debug|ARM.ActiveCfg = Debug|Any CPU
		{08895738-1D14-4144-9D49-9749626D3BCE}.Debug|ARM.Build.0 = Debug|Any CPU
		{08895738-1D14-4144-9D49-9749626D3BCE}.Debug|ARM64.ActiveCfg = Debug|Any CPU
		{08895738-1D14-4144-9D49-9749626D3BCE}.Debug|ARM64.Build.0 = Debug|Any CPU
		{08895738-1D14-4144-9D49-9749626D3BCE}.Debug|x64.ActiveCfg = Debug|Any CPU
		{08895738-1D14-4144-9D49-9749626D3BCE}.Debug|x64.Build.0 = Debug|Any CPU
		{08895738-1D14-4144-9D49-9749626D3BCE}.Debug|x86.ActiveCfg = Debug|Any CPU
		{08895738-1D14-4144-9D49-9749626D3BCE}.Debug|x86.Build.0 = Debug|Any CPU
		{08895738-1D14-4144-9D49-9749626D3BCE}.Release|Any CPU.ActiveCfg = Release|Any CPU
		{08895738-1D14-4144-9D49-9749626D3BCE}.Release|Any CPU.Build.0 = Release|Any CPU
		{08895738-1D14-4144-9D49-9749626D3BCE}.Release|ARM.ActiveCfg = Release|Any CPU
		{08895738-1D14-4144-9D49-9749626D3BCE}.Release|ARM.Build.0 = Release|Any CPU
		{08895738-1D14-4144-9D49-9749626D3BCE}.Release|ARM64.ActiveCfg = Release|Any CPU
		{08895738-1D14-4144-9D49-9749626D3BCE}.Release|ARM64.Build.0 = Release|Any CPU
		{08895738-1D14-4144-9D49-9749626D3BCE}.Release|x64.ActiveCfg = Release|Any CPU
		{08895738-1D14-4144-9D49-9749626D3BCE}.Release|x64.Build.0 = Release|Any CPU
		{08895738-1D14-4144-9D49-9749626D3BCE}.Release|x86.ActiveCfg = Release|Any CPU
		{08895738-1D14-4144-9D49-9749626D3BCE}.Release|x86.Build.0 = Release|Any CPU
		{BA3106A7-584E-41F0-899D-02268947FFD6}.Debug|Any CPU.ActiveCfg = Debug|Any CPU
		{BA3106A7-584E-41F0-899D-02268947FFD6}.Debug|Any CPU.Build.0 = Debug|Any CPU
		{BA3106A7-584E-41F0-899D-02268947FFD6}.Debug|ARM.ActiveCfg = Debug|Any CPU
		{BA3106A7-584E-41F0-899D-02268947FFD6}.Debug|ARM.Build.0 = Debug|Any CPU
		{BA3106A7-584E-41F0-899D-02268947FFD6}.Debug|ARM64.ActiveCfg = Debug|Any CPU
		{BA3106A7-584E-41F0-899D-02268947FFD6}.Debug|ARM64.Build.0 = Debug|Any CPU
		{BA3106A7-584E-41F0-899D-02268947FFD6}.Debug|x64.ActiveCfg = Debug|Any CPU
		{BA3106A7-584E-41F0-899D-02268947FFD6}.Debug|x64.Build.0 = Debug|Any CPU
		{BA3106A7-584E-41F0-899D-02268947FFD6}.Debug|x86.ActiveCfg = Debug|Any CPU
		{BA3106A7-584E-41F0-899D-02268947FFD6}.Debug|x86.Build.0 = Debug|Any CPU
		{BA3106A7-584E-41F0-899D-02268947FFD6}.Release|Any CPU.ActiveCfg = Release|Any CPU
		{BA3106A7-584E-41F0-899D-02268947FFD6}.Release|Any CPU.Build.0 = Release|Any CPU
		{BA3106A7-584E-41F0-899D-02268947FFD6}.Release|ARM.ActiveCfg = Release|Any CPU
		{BA3106A7-584E-41F0-899D-02268947FFD6}.Release|ARM.Build.0 = Release|Any CPU
		{BA3106A7-584E-41F0-899D-02268947FFD6}.Release|ARM64.ActiveCfg = Release|Any CPU
		{BA3106A7-584E-41F0-899D-02268947FFD6}.Release|ARM64.Build.0 = Release|Any CPU
		{BA3106A7-584E-41F0-899D-02268947FFD6}.Release|x64.ActiveCfg = Release|Any CPU
		{BA3106A7-584E-41F0-899D-02268947FFD6}.Release|x64.Build.0 = Release|Any CPU
		{BA3106A7-584E-41F0-899D-02268947FFD6}.Release|x86.ActiveCfg = Release|Any CPU
		{BA3106A7-584E-41F0-899D-02268947FFD6}.Release|x86.Build.0 = Release|Any CPU
		{F4432CEA-DFF7-4BDB-906A-170257116927}.Debug|Any CPU.ActiveCfg = Debug|Any CPU
		{F4432CEA-DFF7-4BDB-906A-170257116927}.Debug|Any CPU.Build.0 = Debug|Any CPU
		{F4432CEA-DFF7-4BDB-906A-170257116927}.Debug|ARM.ActiveCfg = Debug|Any CPU
		{F4432CEA-DFF7-4BDB-906A-170257116927}.Debug|ARM.Build.0 = Debug|Any CPU
		{F4432CEA-DFF7-4BDB-906A-170257116927}.Debug|ARM64.ActiveCfg = Debug|Any CPU
		{F4432CEA-DFF7-4BDB-906A-170257116927}.Debug|ARM64.Build.0 = Debug|Any CPU
		{F4432CEA-DFF7-4BDB-906A-170257116927}.Debug|x64.ActiveCfg = Debug|Any CPU
		{F4432CEA-DFF7-4BDB-906A-170257116927}.Debug|x64.Build.0 = Debug|Any CPU
		{F4432CEA-DFF7-4BDB-906A-170257116927}.Debug|x86.ActiveCfg = Debug|Any CPU
		{F4432CEA-DFF7-4BDB-906A-170257116927}.Debug|x86.Build.0 = Debug|Any CPU
		{F4432CEA-DFF7-4BDB-906A-170257116927}.Release|Any CPU.ActiveCfg = Release|Any CPU
		{F4432CEA-DFF7-4BDB-906A-170257116927}.Release|Any CPU.Build.0 = Release|Any CPU
		{F4432CEA-DFF7-4BDB-906A-170257116927}.Release|ARM.ActiveCfg = Release|Any CPU
		{F4432CEA-DFF7-4BDB-906A-170257116927}.Release|ARM.Build.0 = Release|Any CPU
		{F4432CEA-DFF7-4BDB-906A-170257116927}.Release|ARM64.ActiveCfg = Release|Any CPU
		{F4432CEA-DFF7-4BDB-906A-170257116927}.Release|ARM64.Build.0 = Release|Any CPU
		{F4432CEA-DFF7-4BDB-906A-170257116927}.Release|x64.ActiveCfg = Release|Any CPU
		{F4432CEA-DFF7-4BDB-906A-170257116927}.Release|x64.Build.0 = Release|Any CPU
		{F4432CEA-DFF7-4BDB-906A-170257116927}.Release|x86.ActiveCfg = Release|Any CPU
		{F4432CEA-DFF7-4BDB-906A-170257116927}.Release|x86.Build.0 = Release|Any CPU
	EndGlobalSection
	GlobalSection(SolutionProperties) = preSolution
		HideSolutionNode = FALSE
	EndGlobalSection
	GlobalSection(NestedProjects) = preSolution
		{FEF13CD3-5D9A-46EA-8FB7-7D34223CA620} = {E4D256D6-2518-48CA-9C90-00A227DFBBE3}
		{FC4B6EB3-D102-4CB1-AD15-469C291C21B7} = {E2F6AA19-C3E8-4D84-AE07-E37EEF4374DA}
		{11DE283C-7958-43E3-A91D-54A23E22AEBE} = {E2F6AA19-C3E8-4D84-AE07-E37EEF4374DA}
		{08895738-1D14-4144-9D49-9749626D3BCE} = {922EB499-6242-4CD1-86FC-41B12774D3C4}
		{BA3106A7-584E-41F0-899D-02268947FFD6} = {922EB499-6242-4CD1-86FC-41B12774D3C4}
		{F4432CEA-DFF7-4BDB-906A-170257116927} = {E4D256D6-2518-48CA-9C90-00A227DFBBE3}
	EndGlobalSection
	GlobalSection(ExtensibilityGlobals) = postSolution
		SolutionGuid = {FEAC5D0A-B4D1-47D1-8C52-E9807B879F02}
	EndGlobalSection
EndGlobal
